
Microsoft Visual Studio Solution File, Format Version 12.00
# Visual Studio Version 16
VisualStudioVersion = 16.0.31515.178
MinimumVisualStudioVersion = 10.0.40219.1
Project("{FAE04EC0-301F-11D3-BF4B-00C04F79EFBC}") = "GTPSPUnpacker", "GTPSPUnpacker\GTPSPUnpacker.csproj", "{635F7BAF-FCAE-4EB7-B2B1-ED8BC060D64C}"
EndProject
Global
	GlobalSection(SolutionConfigurationPlatforms) = preSolution
		Debug|Any CPU = Debug|Any CPU
		Release|Any CPU = Release|Any CPU
	EndGlobalSection
	GlobalSection(ProjectConfigurationPlatforms) = postSolution
		{635F7BAF-FCAE-4EB7-B2B1-ED8BC060D64C}.Debug|Any CPU.ActiveCfg = Debug|Any CPU
		{635F7BAF-FCAE-4EB7-B2B1-ED8BC060D64C}.Debug|Any CPU.Build.0 = Debug|Any CPU
		{635F7BAF-FCAE-4EB7-B2B1-ED8BC060D64C}.Release|Any CPU.ActiveCfg = Release|Any CPU
		{635F7BAF-FCAE-4EB7-B2B1-ED8BC060D64C}.Release|Any CPU.Build.0 = Release|Any CPU
	EndGlobalSection
	GlobalSection(SolutionProperties) = preSolution
		HideSolutionNode = FALSE
	EndGlobalSection
	GlobalSection(ExtensibilityGlobals) = postSolution
		SolutionGuid = {A0FFA3D5-8A18-4C5A-89C1-9B864FA0ED1C}
	EndGlobalSection
EndGlobal
